
Microsoft Visual Studio Solution File, Format Version 12.00
# Visual Studio Version 16
VisualStudioVersion = 16.0.31702.278
MinimumVisualStudioVersion = 10.0.40219.1
Project("{9A19103F-16F7-4668-BE54-9A1E7A4F7556}") = "Delegates And Events", "..\Delegates And Events\Delegates And Events\Delegates And Events.csproj", "{EAF265B2-0AA4-4F34-948F-95395B3ACCCB}"
EndProject
Project("{9A19103F-16F7-4668-BE54-9A1E7A4F7556}") = "AddSub", "..\Delegates And Events\AddSub\AddSub.csproj", "{7334B585-C531-46B4-A5B6-25FE92FED898}"
EndProject
Global
	GlobalSection(SolutionConfigurationPlatforms) = preSolution
		Debug|Any CPU = Debug|Any CPU
		Release|Any CPU = Release|Any CPU
	EndGlobalSection
	GlobalSection(ProjectConfigurationPlatforms) = postSolution
		{EAF265B2-0AA4-4F34-948F-95395B3ACCCB}.Debug|Any CPU.ActiveCfg = Debug|Any CPU
		{EAF265B2-0AA4-4F34-948F-95395B3ACCCB}.Debug|Any CPU.Build.0 = Debug|Any CPU
		{EAF265B2-0AA4-4F34-948F-95395B3ACCCB}.Release|Any CPU.ActiveCfg = Release|Any CPU
		{EAF265B2-0AA4-4F34-948F-95395B3ACCCB}.Release|Any CPU.Build.0 = Release|Any CPU
		{7334B585-C531-46B4-A5B6-25FE92FED898}.Debug|Any CPU.ActiveCfg = Debug|Any CPU
		{7334B585-C531-46B4-A5B6-25FE92FED898}.Debug|Any CPU.Build.0 = Debug|Any CPU
		{7334B585-C531-46B4-A5B6-25FE92FED898}.Release|Any CPU.ActiveCfg = Release|Any CPU
		{7334B585-C531-46B4-A5B6-25FE92FED898}.Release|Any CPU.Build.0 = Release|Any CPU
	EndGlobalSection
	GlobalSection(SolutionProperties) = preSolution
		HideSolutionNode = FALSE
	EndGlobalSection
	GlobalSection(ExtensibilityGlobals) = postSolution
		SolutionGuid = {ABBBBD04-512A-4EF7-B495-9C62233D65A8}
	EndGlobalSection
EndGlobal
